
Microsoft Visual Studio Solution File, Format Version 12.00
# Visual Studio Version 16
VisualStudioVersion = 16.0.31515.178
MinimumVisualStudioVersion = 10.0.40219.1
Project("{FAE04EC0-301F-11D3-BF4B-00C04F79EFBC}") = "MarsRover", "MarsRover.csproj", "{B3549A35-8B77-4C17-B9C1-9DFA619A0468}"
EndProject
Project("{2150E333-8FDC-42A3-9474-1A3956D46DE8}") = "Domain", "Domain", "{CC04AC9B-E265-49F9-8742-556CC105563D}"
	ProjectSection(SolutionItems) = preProject
		Mapa.cs = Mapa.cs
		Rover.cs = Rover.cs
	EndProjectSection
EndProject
Project("{2150E333-8FDC-42A3-9474-1A3956D46DE8}") = "Business", "Business", "{A60C852F-962C-4791-850C-45D0ACBEA75B}"
	ProjectSection(SolutionItems) = preProject
		RoverBusiness.cs = RoverBusiness.cs
	EndProjectSection
EndProject
Global
	GlobalSection(SolutionConfigurationPlatforms) = preSolution
		Debug|Any CPU = Debug|Any CPU
		Release|Any CPU = Release|Any CPU
	EndGlobalSection
	GlobalSection(ProjectConfigurationPlatforms) = postSolution
		{B3549A35-8B77-4C17-B9C1-9DFA619A0468}.Debug|Any CPU.ActiveCfg = Debug|Any CPU
		{B3549A35-8B77-4C17-B9C1-9DFA619A0468}.Debug|Any CPU.Build.0 = Debug|Any CPU
		{B3549A35-8B77-4C17-B9C1-9DFA619A0468}.Release|Any CPU.ActiveCfg = Release|Any CPU
		{B3549A35-8B77-4C17-B9C1-9DFA619A0468}.Release|Any CPU.Build.0 = Release|Any CPU
	EndGlobalSection
	GlobalSection(SolutionProperties) = preSolution
		HideSolutionNode = FALSE
	EndGlobalSection
	GlobalSection(ExtensibilityGlobals) = postSolution
		SolutionGuid = {97D73CF7-A4DA-4A60-9D8D-E89979A44D10}
	EndGlobalSection
EndGlobal
